version = 1
revision = 3
requires-python = ">=3.11"
resolution-markers = [
    "python_full_version >= '3.14' and platform_machine != 's390x' and sys_platform == 'win32'",
    "python_full_version >= '3.14' and platform_machine != 's390x' and sys_platform == 'emscripten'",
    "python_full_version >= '3.14' and platform_machine != 's390x' and sys_platform != 'emscripten' and sys_platform != 'win32'",
    "python_full_version == '3.13.*' and platform_machine != 's390x' and sys_platform == 'win32'",
    "python_full_version == '3.12.*' and platform_machine != 's390x' and sys_platform == 'win32'",
    "python_full_version < '3.12' and platform_machine != 's390x' and sys_platform == 'win32'",
    "python_full_version == '3.13.*' and platform_machine != 's390x' and sys_platform == 'emscripten'",
    "python_full_version == '3.12.*' and platform_machine != 's390x' and sys_platform == 'emscripten'",
    "python_full_version < '3.12' and platform_machine != 's390x' and sys_platform == 'emscripten'",
    "python_full_version == '3.13.*' and platform_machine != 's390x' and sys_platform != 'emscripten' and sys_platform != 'win32'",
    "python_full_version == '3.12.*' and platform_machine != 's390x' and sys_platform != 'emscripten' and sys_platform != 'win32'",
    "python_full_version < '3.12' and platform_machine != 's390x' and sys_platform != 'emscripten' and sys_platform != 'win32'",
    "python_full_version >= '3.14' and platform_machine == 's390x' and sys_platform == 'win32'",
    "python_full_version >= '3.14' and platform_machine == 's390x' and sys_platform == 'emscripten'",
    "python_full_version >= '3.14' and platform_machine == 's390x' and sys_platform != 'emscripten' and sys_platform != 'win32'",
    "python_full_version == '3.13.*' and platform_machine == 's390x' and sys_platform == 'win32'",
    "python_full_version == '3.12.*' and platform_machine == 's390x' and sys_platform == 'win32'",
    "python_full_version < '3.12' and platform_machine == 's390x' and sys_platform == 'win32'",
    "python_full_version == '3.13.*' and platform_machine == 's390x' and sys_platform == 'emscripten'",
    "python_full_version == '3.12.*' and platform_machine == 's390x' and sys_platform == 'emscripten'",
    "python_full_version < '3.12' and platform_machine == 's390x' and sys_platform == 'emscripten'",
    "python_full_version == '3.13.*' and platform_machine == 's390x' and sys_platform != 'emscripten' and sys_platform != 'win32'",
    "python_full_version == '3.12.*' and platform_machine == 's390x' and sys_platform != 'emscripten' and sys_platform != 'win32'",
    "python_full_version < '3.12' and platform_machine == 's390x' and sys_platform != 'emscripten' and sys_platform != 'win32'",
]

[[package]]
name = "apex-recommendation-engine"
version = "2.0.0"
source = { virtual = "." }
